// !$*UTF8*$!
{
	archiveVersion = 1;
	classes = {
	};
	objectVersion = 51;
	objects = {

/* Begin PBXBuildFile section */
		051826CD23A252C5004C70C8 /* AppDelegate.swift in Sources */ = {isa = PBXBuildFile; fileRef = 051826CC23A252C5004C70C8 /* AppDelegate.swift */; };
		051826CF23A252C5004C70C8 /* SceneDelegate.swift in Sources */ = {isa = PBXBuildFile; fileRef = 051826CE23A252C5004C70C8 /* SceneDelegate.swift */; };
		051826D723A252C5004C70C8 /* GameStudy.xcdatamodeld in Sources */ = {isa = PBXBuildFile; fileRef = 051826D523A252C5004C70C8 /* GameStudy.xcdatamodeld */; };
		051826D923A252C7004C70C8 /* Assets.xcassets in Resources */ = {isa = PBXBuildFile; fileRef = 051826D823A252C7004C70C8 /* Assets.xcassets */; };
		051826DC23A252C7004C70C8 /* LaunchScreen.storyboard in Resources */ = {isa = PBXBuildFile; fileRef = 051826DA23A252C7004C70C8 /* LaunchScreen.storyboard */; };
		051826F423A2533D004C70C8 /* GameStudy.xcdatamodeld in Sources */ = {isa = PBXBuildFile; fileRef = 051826D523A252C5004C70C8 /* GameStudy.xcdatamodeld */; };
		051826F523A2533D004C70C8 /* AppDelegate.swift in Sources */ = {isa = PBXBuildFile; fileRef = 051826CC23A252C5004C70C8 /* AppDelegate.swift */; };
		051826F623A2533D004C70C8 /* SceneDelegate.swift in Sources */ = {isa = PBXBuildFile; fileRef = 051826CE23A252C5004C70C8 /* SceneDelegate.swift */; };
		051826F923A2533D004C70C8 /* LaunchScreen.storyboard in Resources */ = {isa = PBXBuildFile; fileRef = 051826DA23A252C7004C70C8 /* LaunchScreen.storyboard */; };
		051826FA23A2533D004C70C8 /* Assets.xcassets in Resources */ = {isa = PBXBuildFile; fileRef = 051826D823A252C7004C70C8 /* Assets.xcassets */; };
		0518270323A2544B004C70C8 /* EnvironmentManager.swift in Sources */ = {isa = PBXBuildFile; fileRef = 0518270223A2544B004C70C8 /* EnvironmentManager.swift */; };
		0518270423A25521004C70C8 /* EnvironmentManager.swift in Sources */ = {isa = PBXBuildFile; fileRef = 0518270223A2544B004C70C8 /* EnvironmentManager.swift */; };
		0518270A23A2565F004C70C8 /* GameResponse.swift in Sources */ = {isa = PBXBuildFile; fileRef = 0518270923A2565F004C70C8 /* GameResponse.swift */; };
		0518270B23A2565F004C70C8 /* GameResponse.swift in Sources */ = {isa = PBXBuildFile; fileRef = 0518270923A2565F004C70C8 /* GameResponse.swift */; };
		0518270D23A2577B004C70C8 /* NetworkError.swift in Sources */ = {isa = PBXBuildFile; fileRef = 0518270C23A2577B004C70C8 /* NetworkError.swift */; };
		0518270E23A2577B004C70C8 /* NetworkError.swift in Sources */ = {isa = PBXBuildFile; fileRef = 0518270C23A2577B004C70C8 /* NetworkError.swift */; };
		059115A923A2BA3E00777EE9 /* ErrorResponse.swift in Sources */ = {isa = PBXBuildFile; fileRef = 059115A823A2BA3E00777EE9 /* ErrorResponse.swift */; };
		059115AA23A2BD5600777EE9 /* ErrorResponse.swift in Sources */ = {isa = PBXBuildFile; fileRef = 059115A823A2BA3E00777EE9 /* ErrorResponse.swift */; };
		059115AC23A2C21400777EE9 /* EmptyView.swift in Sources */ = {isa = PBXBuildFile; fileRef = 059115AB23A2C21400777EE9 /* EmptyView.swift */; };
		059115AD23A2C21400777EE9 /* EmptyView.swift in Sources */ = {isa = PBXBuildFile; fileRef = 059115AB23A2C21400777EE9 /* EmptyView.swift */; };
		059115B123A2D09200777EE9 /* DummyGame.swift in Sources */ = {isa = PBXBuildFile; fileRef = 059115B023A2D09200777EE9 /* DummyGame.swift */; };
		059115BF23A2D3BD00777EE9 /* GameListModuleTest.swift in Sources */ = {isa = PBXBuildFile; fileRef = 059115AE23A2CE6D00777EE9 /* GameListModuleTest.swift */; };
		05EB1D5E23A29B6600ED15D6 /* LayoutingView.swift in Sources */ = {isa = PBXBuildFile; fileRef = 05EB1D5D23A29B6600ED15D6 /* LayoutingView.swift */; };
		05EB1D6023A29B7700ED15D6 /* LayoutableView.swift in Sources */ = {isa = PBXBuildFile; fileRef = 05EB1D5F23A29B7700ED15D6 /* LayoutableView.swift */; };
		05EB1D6123A29B8100ED15D6 /* LayoutingView.swift in Sources */ = {isa = PBXBuildFile; fileRef = 05EB1D5D23A29B6600ED15D6 /* LayoutingView.swift */; };
		05EB1D6223A29B8500ED15D6 /* LayoutableView.swift in Sources */ = {isa = PBXBuildFile; fileRef = 05EB1D5F23A29B7700ED15D6 /* LayoutableView.swift */; };
		05EB1D6623A29BA600ED15D6 /* Gradient+Ext.swift in Sources */ = {isa = PBXBuildFile; fileRef = 05EB1D6523A29BA600ED15D6 /* Gradient+Ext.swift */; };
		05EB1D6923A29BE400ED15D6 /* UIView+Ext.swift in Sources */ = {isa = PBXBuildFile; fileRef = 05EB1D6823A29BE400ED15D6 /* UIView+Ext.swift */; };
		05EB1D6B23A29BF800ED15D6 /* StackView+Ext.swift in Sources */ = {isa = PBXBuildFile; fileRef = 05EB1D6A23A29BF800ED15D6 /* StackView+Ext.swift */; };
		05EB1D6C23A29BFB00ED15D6 /* UIView+Ext.swift in Sources */ = {isa = PBXBuildFile; fileRef = 05EB1D6823A29BE400ED15D6 /* UIView+Ext.swift */; };
		05EB1D6D23A29BFE00ED15D6 /* Gradient+Ext.swift in Sources */ = {isa = PBXBuildFile; fileRef = 05EB1D6523A29BA600ED15D6 /* Gradient+Ext.swift */; };
		05EB1D6E23A29C0100ED15D6 /* StackView+Ext.swift in Sources */ = {isa = PBXBuildFile; fileRef = 05EB1D6A23A29BF800ED15D6 /* StackView+Ext.swift */; };
		05EB1D7023A29C4600ED15D6 /* TableViewCell+Ext.swift in Sources */ = {isa = PBXBuildFile; fileRef = 05EB1D6F23A29C4600ED15D6 /* TableViewCell+Ext.swift */; };
		05EB1D7123A29C5000ED15D6 /* TableViewCell+Ext.swift in Sources */ = {isa = PBXBuildFile; fileRef = 05EB1D6F23A29C4600ED15D6 /* TableViewCell+Ext.swift */; };
		05EB1D7323A29C6900ED15D6 /* TableView+Ext.swift in Sources */ = {isa = PBXBuildFile; fileRef = 05EB1D7223A29C6900ED15D6 /* TableView+Ext.swift */; };
		05EB1D7423A29C7300ED15D6 /* TableView+Ext.swift in Sources */ = {isa = PBXBuildFile; fileRef = 05EB1D7223A29C6900ED15D6 /* TableView+Ext.swift */; };
		05EB1D7923A29DAB00ED15D6 /* TabbarController.swift in Sources */ = {isa = PBXBuildFile; fileRef = 05EB1D7823A29DAB00ED15D6 /* TabbarController.swift */; };
		05EB1D7B23A29DD800ED15D6 /* Color+Ext.swift in Sources */ = {isa = PBXBuildFile; fileRef = 05EB1D7A23A29DD800ED15D6 /* Color+Ext.swift */; };
		05EB1D7C23A29DDA00ED15D6 /* Color+Ext.swift in Sources */ = {isa = PBXBuildFile; fileRef = 05EB1D7A23A29DD800ED15D6 /* Color+Ext.swift */; };
		05EB1D7D23A29DDD00ED15D6 /* TabbarController.swift in Sources */ = {isa = PBXBuildFile; fileRef = 05EB1D7823A29DAB00ED15D6 /* TabbarController.swift */; };
		05EB1D8323A2A17200ED15D6 /* GameListContracts.swift in Sources */ = {isa = PBXBuildFile; fileRef = 05EB1D7E23A2A17200ED15D6 /* GameListContracts.swift */; };
		05EB1D8423A2A17200ED15D6 /* GameListContracts.swift in Sources */ = {isa = PBXBuildFile; fileRef = 05EB1D7E23A2A17200ED15D6 /* GameListContracts.swift */; };
		05EB1D8523A2A17200ED15D6 /* GameListViewController.swift in Sources */ = {isa = PBXBuildFile; fileRef = 05EB1D7F23A2A17200ED15D6 /* GameListViewController.swift */; };
		05EB1D8623A2A17200ED15D6 /* GameListViewController.swift in Sources */ = {isa = PBXBuildFile; fileRef = 05EB1D7F23A2A17200ED15D6 /* GameListViewController.swift */; };
		05EB1D8723A2A17200ED15D6 /* GameListBuilder.swift in Sources */ = {isa = PBXBuildFile; fileRef = 05EB1D8023A2A17200ED15D6 /* GameListBuilder.swift */; };
		05EB1D8823A2A17200ED15D6 /* GameListBuilder.swift in Sources */ = {isa = PBXBuildFile; fileRef = 05EB1D8023A2A17200ED15D6 /* GameListBuilder.swift */; };
		05EB1D8923A2A17200ED15D6 /* GameListView.swift in Sources */ = {isa = PBXBuildFile; fileRef = 05EB1D8123A2A17200ED15D6 /* GameListView.swift */; };
		05EB1D8A23A2A17200ED15D6 /* GameListView.swift in Sources */ = {isa = PBXBuildFile; fileRef = 05EB1D8123A2A17200ED15D6 /* GameListView.swift */; };
		05EB1D8B23A2A17200ED15D6 /* GameListViewModel.swift in Sources */ = {isa = PBXBuildFile; fileRef = 05EB1D8223A2A17200ED15D6 /* GameListViewModel.swift */; };
		05EB1D8C23A2A17200ED15D6 /* GameListViewModel.swift in Sources */ = {isa = PBXBuildFile; fileRef = 05EB1D8223A2A17200ED15D6 /* GameListViewModel.swift */; };
		05EB1D8E23A2A4BA00ED15D6 /* ViewController+Ext.swift in Sources */ = {isa = PBXBuildFile; fileRef = 05EB1D8D23A2A4BA00ED15D6 /* ViewController+Ext.swift */; };
		05EB1D8F23A2A4BA00ED15D6 /* ViewController+Ext.swift in Sources */ = {isa = PBXBuildFile; fileRef = 05EB1D8D23A2A4BA00ED15D6 /* ViewController+Ext.swift */; };
		05EB1D9123A2A75400ED15D6 /* GameCell.swift in Sources */ = {isa = PBXBuildFile; fileRef = 05EB1D9023A2A75400ED15D6 /* GameCell.swift */; };
		05EB1D9223A2A75400ED15D6 /* GameCell.swift in Sources */ = {isa = PBXBuildFile; fileRef = 05EB1D9023A2A75400ED15D6 /* GameCell.swift */; };
		05EB1D9523A2AE3D00ED15D6 /* AttributedStrings.swift in Sources */ = {isa = PBXBuildFile; fileRef = 05EB1D9423A2AE3D00ED15D6 /* AttributedStrings.swift */; };
		05EB1D9623A2AE3D00ED15D6 /* AttributedStrings.swift in Sources */ = {isa = PBXBuildFile; fileRef = 05EB1D9423A2AE3D00ED15D6 /* AttributedStrings.swift */; };
		05F1B3D523A25BA900BBD859 /* Array+Ext.swift in Sources */ = {isa = PBXBuildFile; fileRef = 05F1B3D423A25BA900BBD859 /* Array+Ext.swift */; };
		05F1B3D623A25BB200BBD859 /* Array+Ext.swift in Sources */ = {isa = PBXBuildFile; fileRef = 05F1B3D423A25BA900BBD859 /* Array+Ext.swift */; };
		05F1B3D823A25BBB00BBD859 /* Optional+Ext.swift in Sources */ = {isa = PBXBuildFile; fileRef = 05F1B3D723A25BBB00BBD859 /* Optional+Ext.swift */; };
		05F1B3DA23A25BD400BBD859 /* Optional+Ext.swift in Sources */ = {isa = PBXBuildFile; fileRef = 05F1B3D723A25BBB00BBD859 /* Optional+Ext.swift */; };
		05F1B3DD23A25C9100BBD859 /* Games.json in Resources */ = {isa = PBXBuildFile; fileRef = 0518271123A25862004C70C8 /* Games.json */; };
		05F1B3DE23A25CFF00BBD859 /* Array+Ext.swift in Sources */ = {isa = PBXBuildFile; fileRef = 05F1B3D423A25BA900BBD859 /* Array+Ext.swift */; };
		05F1B3DF23A25CFF00BBD859 /* Optional+Ext.swift in Sources */ = {isa = PBXBuildFile; fileRef = 05F1B3D723A25BBB00BBD859 /* Optional+Ext.swift */; };
		05F1B3E223A25E9D00BBD859 /* GameDetailResponse.swift in Sources */ = {isa = PBXBuildFile; fileRef = 05F1B3E123A25E9D00BBD859 /* GameDetailResponse.swift */; };
		05F1B3E623A2612800BBD859 /* GameDetailResponse.swift in Sources */ = {isa = PBXBuildFile; fileRef = 05F1B3E123A25E9D00BBD859 /* GameDetailResponse.swift */; };
		05F1B3E723A2624300BBD859 /* GameDetail.json in Resources */ = {isa = PBXBuildFile; fileRef = 05F1B3E323A260F500BBD859 /* GameDetail.json */; };
		05F1B3E923A2653700BBD859 /* GameAPIService.swift in Sources */ = {isa = PBXBuildFile; fileRef = 05F1B3E823A2653700BBD859 /* GameAPIService.swift */; };
		05F1B3EC23A265C800BBD859 /* GameAPI.swift in Sources */ = {isa = PBXBuildFile; fileRef = 05F1B3EB23A265C800BBD859 /* GameAPI.swift */; };
		05F1B3ED23A265D400BBD859 /* GameAPI.swift in Sources */ = {isa = PBXBuildFile; fileRef = 05F1B3EB23A265C800BBD859 /* GameAPI.swift */; };
		05F1B3EE23A2685100BBD859 /* GameAPIService.swift in Sources */ = {isa = PBXBuildFile; fileRef = 05F1B3E823A2653700BBD859 /* GameAPIService.swift */; };
		05F1B40323A26DC600BBD859 /* PersistanceService.swift in Sources */ = {isa = PBXBuildFile; fileRef = 05F1B40223A26DC600BBD859 /* PersistanceService.swift */; };
		05F1B40423A26DC600BBD859 /* PersistanceService.swift in Sources */ = {isa = PBXBuildFile; fileRef = 05F1B40223A26DC600BBD859 /* PersistanceService.swift */; };
		05F1B41823A272F400BBD859 /* EntityNames.swift in Sources */ = {isa = PBXBuildFile; fileRef = 05F1B41723A272F400BBD859 /* EntityNames.swift */; };
		05F1B41923A272F400BBD859 /* EntityNames.swift in Sources */ = {isa = PBXBuildFile; fileRef = 05F1B41723A272F400BBD859 /* EntityNames.swift */; };
		05F1B41B23A2744B00BBD859 /* PersistanceError.swift in Sources */ = {isa = PBXBuildFile; fileRef = 05F1B41A23A2744B00BBD859 /* PersistanceError.swift */; };
		05F1B41C23A2744B00BBD859 /* PersistanceError.swift in Sources */ = {isa = PBXBuildFile; fileRef = 05F1B41A23A2744B00BBD859 /* PersistanceError.swift */; };
		05F1B43A23A2808600BBD859 /* TypeAliases.swift in Sources */ = {isa = PBXBuildFile; fileRef = 05F1B43923A2808600BBD859 /* TypeAliases.swift */; };
		05F1B43B23A2808600BBD859 /* TypeAliases.swift in Sources */ = {isa = PBXBuildFile; fileRef = 05F1B43923A2808600BBD859 /* TypeAliases.swift */; };
		05F1B44023A283EC00BBD859 /* NetworkTests.swift in Sources */ = {isa = PBXBuildFile; fileRef = 05F1B43F23A283EC00BBD859 /* NetworkTests.swift */; };
		05F1B44723A284D900BBD859 /* Favourites+CoreDataClass.swift in Sources */ = {isa = PBXBuildFile; fileRef = 05F1B44523A284D900BBD859 /* Favourites+CoreDataClass.swift */; };
		05F1B44823A284D900BBD859 /* Favourites+CoreDataClass.swift in Sources */ = {isa = PBXBuildFile; fileRef = 05F1B44523A284D900BBD859 /* Favourites+CoreDataClass.swift */; };
		05F1B44923A284D900BBD859 /* Favourites+CoreDataProperties.swift in Sources */ = {isa = PBXBuildFile; fileRef = 05F1B44623A284D900BBD859 /* Favourites+CoreDataProperties.swift */; };
		05F1B44A23A284D900BBD859 /* Favourites+CoreDataProperties.swift in Sources */ = {isa = PBXBuildFile; fileRef = 05F1B44623A284D900BBD859 /* Favourites+CoreDataProperties.swift */; };
		48792F02C5B9763C50514B66 /* Pods_GameStudyProd.framework in Frameworks */ = {isa = PBXBuildFile; fileRef = 084E67CF2C2AD97E54DCE277 /* Pods_GameStudyProd.framework */; };
		B15613E4BA96ADC5A55B8CFE /* Pods_GameStudyDev.framework in Frameworks */ = {isa = PBXBuildFile; fileRef = E17A60EFBAB1130EA180C3C0 /* Pods_GameStudyDev.framework */; };
/* End PBXBuildFile section */

/* Begin PBXContainerItemProxy section */
		051826E323A252C7004C70C8 /* PBXContainerItemProxy */ = {
			isa = PBXContainerItemProxy;
			containerPortal = 051826C123A252C5004C70C8 /* Project object */;
			proxyType = 1;
			remoteGlobalIDString = 051826C823A252C5004C70C8;
			remoteInfo = GameStudy;
		};
		05F1B3DB23A25C5900BBD859 /* PBXContainerItemProxy */ = {
			isa = PBXContainerItemProxy;
			containerPortal = 051826C123A252C5004C70C8 /* Project object */;
			proxyType = 1;
			remoteGlobalIDString = 051826F123A2533D004C70C8;
			remoteInfo = GameStudyDev;
		};
/* End PBXContainerItemProxy section */

/* Begin PBXFileReference section */
		051826C923A252C5004C70C8 /* GameStudyProd.app */ = {isa = PBXFileReference; explicitFileType = wrapper.application; includeInIndex = 0; path = GameStudyProd.app; sourceTree = BUILT_PRODUCTS_DIR; };
		051826CC23A252C5004C70C8 /* AppDelegate.swift */ = {isa = PBXFileReference; lastKnownFileType = sourcecode.swift; path = AppDelegate.swift; sourceTree = "<group>"; };
		051826CE23A252C5004C70C8 /* SceneDelegate.swift */ = {isa = PBXFileReference; lastKnownFileType = sourcecode.swift; path = SceneDelegate.swift; sourceTree = "<group>"; };
		051826D623A252C5004C70C8 /* GameStudy.xcdatamodel */ = {isa = PBXFileReference; lastKnownFileType = wrapper.xcdatamodel; path = GameStudy.xcdatamodel; sourceTree = "<group>"; };
		051826D823A252C7004C70C8 /* Assets.xcassets */ = {isa = PBXFileReference; lastKnownFileType = folder.assetcatalog; path = Assets.xcassets; sourceTree = "<group>"; };
		051826DB23A252C7004C70C8 /* Base */ = {isa = PBXFileReference; lastKnownFileType = file.storyboard; name = Base; path = Base.lproj/LaunchScreen.storyboard; sourceTree = "<group>"; };
		051826DD23A252C7004C70C8 /* Info.plist */ = {isa = PBXFileReference; lastKnownFileType = text.plist.xml; path = Info.plist; sourceTree = "<group>"; };
		051826E223A252C7004C70C8 /* GameStudyTests.xctest */ = {isa = PBXFileReference; explicitFileType = wrapper.cfbundle; includeInIndex = 0; path = GameStudyTests.xctest; sourceTree = BUILT_PRODUCTS_DIR; };
		051826E823A252C7004C70C8 /* Info.plist */ = {isa = PBXFileReference; lastKnownFileType = text.plist.xml; path = Info.plist; sourceTree = "<group>"; };
		051826FF23A2533D004C70C8 /* GameStudyDev.app */ = {isa = PBXFileReference; explicitFileType = wrapper.application; includeInIndex = 0; path = GameStudyDev.app; sourceTree = BUILT_PRODUCTS_DIR; };
		0518270023A2533D004C70C8 /* GameStudyDev-Info.plist */ = {isa = PBXFileReference; lastKnownFileType = text.plist.xml; name = "GameStudyDev-Info.plist"; path = "/Users/eyupkazimgoymen/Desktop/GameStudy/GameStudyDev-Info.plist"; sourceTree = "<absolute>"; };
		0518270223A2544B004C70C8 /* EnvironmentManager.swift */ = {isa = PBXFileReference; lastKnownFileType = sourcecode.swift; path = EnvironmentManager.swift; sourceTree = "<group>"; };
		0518270923A2565F004C70C8 /* GameResponse.swift */ = {isa = PBXFileReference; lastKnownFileType = sourcecode.swift; path = GameResponse.swift; sourceTree = "<group>"; };
		0518270C23A2577B004C70C8 /* NetworkError.swift */ = {isa = PBXFileReference; lastKnownFileType = sourcecode.swift; path = NetworkError.swift; sourceTree = "<group>"; };
		0518271123A25862004C70C8 /* Games.json */ = {isa = PBXFileReference; lastKnownFileType = text.json; path = Games.json; sourceTree = "<group>"; };
		059115A823A2BA3E00777EE9 /* ErrorResponse.swift */ = {isa = PBXFileReference; lastKnownFileType = sourcecode.swift; path = ErrorResponse.swift; sourceTree = "<group>"; };
		059115AB23A2C21400777EE9 /* EmptyView.swift */ = {isa = PBXFileReference; lastKnownFileType = sourcecode.swift; path = EmptyView.swift; sourceTree = "<group>"; };
		059115AE23A2CE6D00777EE9 /* GameListModuleTest.swift */ = {isa = PBXFileReference; lastKnownFileType = sourcecode.swift; path = GameListModuleTest.swift; sourceTree = "<group>"; };
		059115B023A2D09200777EE9 /* DummyGame.swift */ = {isa = PBXFileReference; lastKnownFileType = sourcecode.swift; path = DummyGame.swift; sourceTree = "<group>"; };
		05EB1D5D23A29B6600ED15D6 /* LayoutingView.swift */ = {isa = PBXFileReference; lastKnownFileType = sourcecode.swift; path = LayoutingView.swift; sourceTree = "<group>"; };
		05EB1D5F23A29B7700ED15D6 /* LayoutableView.swift */ = {isa = PBXFileReference; lastKnownFileType = sourcecode.swift; path = LayoutableView.swift; sourceTree = "<group>"; };
		05EB1D6523A29BA600ED15D6 /* Gradient+Ext.swift */ = {isa = PBXFileReference; lastKnownFileType = sourcecode.swift; path = "Gradient+Ext.swift"; sourceTree = "<group>"; };
		05EB1D6823A29BE400ED15D6 /* UIView+Ext.swift */ = {isa = PBXFileReference; lastKnownFileType = sourcecode.swift; path = "UIView+Ext.swift"; sourceTree = "<group>"; };
		05EB1D6A23A29BF800ED15D6 /* StackView+Ext.swift */ = {isa = PBXFileReference; lastKnownFileType = sourcecode.swift; path = "StackView+Ext.swift"; sourceTree = "<group>"; };
		05EB1D6F23A29C4600ED15D6 /* TableViewCell+Ext.swift */ = {isa = PBXFileReference; lastKnownFileType = sourcecode.swift; path = "TableViewCell+Ext.swift"; sourceTree = "<group>"; };
		05EB1D7223A29C6900ED15D6 /* TableView+Ext.swift */ = {isa = PBXFileReference; lastKnownFileType = sourcecode.swift; path = "TableView+Ext.swift"; sourceTree = "<group>"; };
		05EB1D7823A29DAB00ED15D6 /* TabbarController.swift */ = {isa = PBXFileReference; lastKnownFileType = sourcecode.swift; path = TabbarController.swift; sourceTree = "<group>"; };
		05EB1D7A23A29DD800ED15D6 /* Color+Ext.swift */ = {isa = PBXFileReference; lastKnownFileType = sourcecode.swift; path = "Color+Ext.swift"; sourceTree = "<group>"; };
		05EB1D7E23A2A17200ED15D6 /* GameListContracts.swift */ = {isa = PBXFileReference; lastKnownFileType = sourcecode.swift; path = GameListContracts.swift; sourceTree = "<group>"; };
		05EB1D7F23A2A17200ED15D6 /* GameListViewController.swift */ = {isa = PBXFileReference; lastKnownFileType = sourcecode.swift; path = GameListViewController.swift; sourceTree = "<group>"; };
		05EB1D8023A2A17200ED15D6 /* GameListBuilder.swift */ = {isa = PBXFileReference; lastKnownFileType = sourcecode.swift; path = GameListBuilder.swift; sourceTree = "<group>"; };
		05EB1D8123A2A17200ED15D6 /* GameListView.swift */ = {isa = PBXFileReference; lastKnownFileType = sourcecode.swift; path = GameListView.swift; sourceTree = "<group>"; };
		05EB1D8223A2A17200ED15D6 /* GameListViewModel.swift */ = {isa = PBXFileReference; lastKnownFileType = sourcecode.swift; path = GameListViewModel.swift; sourceTree = "<group>"; };
		05EB1D8D23A2A4BA00ED15D6 /* ViewController+Ext.swift */ = {isa = PBXFileReference; lastKnownFileType = sourcecode.swift; path = "ViewController+Ext.swift"; sourceTree = "<group>"; };
		05EB1D9023A2A75400ED15D6 /* GameCell.swift */ = {isa = PBXFileReference; lastKnownFileType = sourcecode.swift; path = GameCell.swift; sourceTree = "<group>"; };
		05EB1D9423A2AE3D00ED15D6 /* AttributedStrings.swift */ = {isa = PBXFileReference; lastKnownFileType = sourcecode.swift; path = AttributedStrings.swift; sourceTree = "<group>"; };
		05F1B3D423A25BA900BBD859 /* Array+Ext.swift */ = {isa = PBXFileReference; lastKnownFileType = sourcecode.swift; path = "Array+Ext.swift"; sourceTree = "<group>"; };
		05F1B3D723A25BBB00BBD859 /* Optional+Ext.swift */ = {isa = PBXFileReference; lastKnownFileType = sourcecode.swift; path = "Optional+Ext.swift"; sourceTree = "<group>"; };
		05F1B3E123A25E9D00BBD859 /* GameDetailResponse.swift */ = {isa = PBXFileReference; lastKnownFileType = sourcecode.swift; path = GameDetailResponse.swift; sourceTree = "<group>"; };
		05F1B3E323A260F500BBD859 /* GameDetail.json */ = {isa = PBXFileReference; lastKnownFileType = text.json; path = GameDetail.json; sourceTree = "<group>"; };
		05F1B3E823A2653700BBD859 /* GameAPIService.swift */ = {isa = PBXFileReference; lastKnownFileType = sourcecode.swift; path = GameAPIService.swift; sourceTree = "<group>"; };
		05F1B3EB23A265C800BBD859 /* GameAPI.swift */ = {isa = PBXFileReference; lastKnownFileType = sourcecode.swift; path = GameAPI.swift; sourceTree = "<group>"; };
		05F1B40223A26DC600BBD859 /* PersistanceService.swift */ = {isa = PBXFileReference; lastKnownFileType = sourcecode.swift; path = PersistanceService.swift; sourceTree = "<group>"; };
		05F1B41723A272F400BBD859 /* EntityNames.swift */ = {isa = PBXFileReference; lastKnownFileType = sourcecode.swift; path = EntityNames.swift; sourceTree = "<group>"; };
		05F1B41A23A2744B00BBD859 /* PersistanceError.swift */ = {isa = PBXFileReference; lastKnownFileType = sourcecode.swift; path = PersistanceError.swift; sourceTree = "<group>"; };
		05F1B43923A2808600BBD859 /* TypeAliases.swift */ = {isa = PBXFileReference; lastKnownFileType = sourcecode.swift; path = TypeAliases.swift; sourceTree = "<group>"; };
		05F1B43F23A283EC00BBD859 /* NetworkTests.swift */ = {isa = PBXFileReference; lastKnownFileType = sourcecode.swift; path = NetworkTests.swift; sourceTree = "<group>"; };
		05F1B44523A284D900BBD859 /* Favourites+CoreDataClass.swift */ = {isa = PBXFileReference; lastKnownFileType = sourcecode.swift; path = "Favourites+CoreDataClass.swift"; sourceTree = SOURCE_ROOT; };
		05F1B44623A284D900BBD859 /* Favourites+CoreDataProperties.swift */ = {isa = PBXFileReference; lastKnownFileType = sourcecode.swift; path = "Favourites+CoreDataProperties.swift"; sourceTree = SOURCE_ROOT; };
		084E67CF2C2AD97E54DCE277 /* Pods_GameStudyProd.framework */ = {isa = PBXFileReference; explicitFileType = wrapper.framework; includeInIndex = 0; path = Pods_GameStudyProd.framework; sourceTree = BUILT_PRODUCTS_DIR; };
		22C67C37FD45C75560B13B29 /* Pods-GameStudyProd.release.xcconfig */ = {isa = PBXFileReference; includeInIndex = 1; lastKnownFileType = text.xcconfig; name = "Pods-GameStudyProd.release.xcconfig"; path = "Target Support Files/Pods-GameStudyProd/Pods-GameStudyProd.release.xcconfig"; sourceTree = "<group>"; };
		647988321E698A146E7CA444 /* Pods-GameStudyProd.debug.xcconfig */ = {isa = PBXFileReference; includeInIndex = 1; lastKnownFileType = text.xcconfig; name = "Pods-GameStudyProd.debug.xcconfig"; path = "Target Support Files/Pods-GameStudyProd/Pods-GameStudyProd.debug.xcconfig"; sourceTree = "<group>"; };
		6A816CA9E47A5ADECC504187 /* Pods-GameStudyDev.release.xcconfig */ = {isa = PBXFileReference; includeInIndex = 1; lastKnownFileType = text.xcconfig; name = "Pods-GameStudyDev.release.xcconfig"; path = "Target Support Files/Pods-GameStudyDev/Pods-GameStudyDev.release.xcconfig"; sourceTree = "<group>"; };
		A8EA1E0C34988B55D2720B2F /* Pods-GameStudyDev.debug.xcconfig */ = {isa = PBXFileReference; includeInIndex = 1; lastKnownFileType = text.xcconfig; name = "Pods-GameStudyDev.debug.xcconfig"; path = "Target Support Files/Pods-GameStudyDev/Pods-GameStudyDev.debug.xcconfig"; sourceTree = "<group>"; };
		E17A60EFBAB1130EA180C3C0 /* Pods_GameStudyDev.framework */ = {isa = PBXFileReference; explicitFileType = wrapper.framework; includeInIndex = 0; path = Pods_GameStudyDev.framework; sourceTree = BUILT_PRODUCTS_DIR; };
/* End PBXFileReference section */

/* Begin PBXFrameworksBuildPhase section */
		051826C623A252C5004C70C8 /* Frameworks */ = {
			isa = PBXFrameworksBuildPhase;
			buildActionMask = 2147483647;
			files = (
				48792F02C5B9763C50514B66 /* Pods_GameStudyProd.framework in Frameworks */,
			);
			runOnlyForDeploymentPostprocessing = 0;
		};
		051826DF23A252C7004C70C8 /* Frameworks */ = {
			isa = PBXFrameworksBuildPhase;
			buildActionMask = 2147483647;
			files = (
			);
			runOnlyForDeploymentPostprocessing = 0;
		};
		051826F723A2533D004C70C8 /* Frameworks */ = {
			isa = PBXFrameworksBuildPhase;
			buildActionMask = 2147483647;
			files = (
				B15613E4BA96ADC5A55B8CFE /* Pods_GameStudyDev.framework in Frameworks */,
			);
			runOnlyForDeploymentPostprocessing = 0;
		};
/* End PBXFrameworksBuildPhase section */

/* Begin PBXGroup section */
		051826C023A252C5004C70C8 = {
			isa = PBXGroup;
			children = (
				051826CB23A252C5004C70C8 /* GameStudy */,
				051826E523A252C7004C70C8 /* GameStudyTests */,
				051826CA23A252C5004C70C8 /* Products */,
				0518270023A2533D004C70C8 /* GameStudyDev-Info.plist */,
				4C7BFFFAA465BE3E6A95D7BC /* Pods */,
				9AD8D537E157D35026AB0B26 /* Frameworks */,
			);
			sourceTree = "<group>";
		};
		051826CA23A252C5004C70C8 /* Products */ = {
			isa = PBXGroup;
			children = (
				051826C923A252C5004C70C8 /* GameStudyProd.app */,
				051826E223A252C7004C70C8 /* GameStudyTests.xctest */,
				051826FF23A2533D004C70C8 /* GameStudyDev.app */,
			);
			name = Products;
			sourceTree = "<group>";
		};
		051826CB23A252C5004C70C8 /* GameStudy */ = {
			isa = PBXGroup;
			children = (
				051826CC23A252C5004C70C8 /* AppDelegate.swift */,
				051826CE23A252C5004C70C8 /* SceneDelegate.swift */,
				05EB1D4923A29AD600ED15D6 /* Modules */,
				05F1B3EF23A26D6000BBD859 /* Persistance */,
				0518270523A25637004C70C8 /* Network */,
				05F1B3D323A25B8D00BBD859 /* Utils */,
				051826D823A252C7004C70C8 /* Assets.xcassets */,
				051826DA23A252C7004C70C8 /* LaunchScreen.storyboard */,
				051826D523A252C5004C70C8 /* GameStudy.xcdatamodeld */,
				051826DD23A252C7004C70C8 /* Info.plist */,
			);
			path = GameStudy;
			sourceTree = "<group>";
		};
		051826E523A252C7004C70C8 /* GameStudyTests */ = {
			isa = PBXGroup;
			children = (
				0518271023A25835004C70C8 /* TestData */,
				059115AE23A2CE6D00777EE9 /* GameListModuleTest.swift */,
				05F1B43F23A283EC00BBD859 /* NetworkTests.swift */,
				051826E823A252C7004C70C8 /* Info.plist */,
			);
			path = GameStudyTests;
			sourceTree = "<group>";
		};
		0518270123A2542D004C70C8 /* Environment */ = {
			isa = PBXGroup;
			children = (
				0518270223A2544B004C70C8 /* EnvironmentManager.swift */,
			);
			path = Environment;
			sourceTree = "<group>";
		};
		0518270523A25637004C70C8 /* Network */ = {
			isa = PBXGroup;
			children = (
				05F1B3EA23A2653E00BBD859 /* GameAPI */,
				0518270F23A2577F004C70C8 /* Errors */,
				0518270823A2564B004C70C8 /* Services */,
				0518270623A25640004C70C8 /* Responses */,
			);
			path = Network;
			sourceTree = "<group>";
		};
		0518270623A25640004C70C8 /* Responses */ = {
			isa = PBXGroup;
			children = (
				0518270923A2565F004C70C8 /* GameResponse.swift */,
				05F1B3E123A25E9D00BBD859 /* GameDetailResponse.swift */,
				059115A823A2BA3E00777EE9 /* ErrorResponse.swift */,
			);
			path = Responses;
			sourceTree = "<group>";
		};
		0518270823A2564B004C70C8 /* Services */ = {
			isa = PBXGroup;
			children = (
				05F1B3E823A2653700BBD859 /* GameAPIService.swift */,
			);
			path = Services;
			sourceTree = "<group>";
		};
		0518270F23A2577F004C70C8 /* Errors */ = {
			isa = PBXGroup;
			children = (
				0518270C23A2577B004C70C8 /* NetworkError.swift */,
			);
			path = Errors;
			sourceTree = "<group>";
		};
		0518271023A25835004C70C8 /* TestData */ = {
			isa = PBXGroup;
			children = (
				0518271123A25862004C70C8 /* Games.json */,
				05F1B3E323A260F500BBD859 /* GameDetail.json */,
				059115B023A2D09200777EE9 /* DummyGame.swift */,
			);
			path = TestData;
			sourceTree = "<group>";
		};
		05EB1D4923A29AD600ED15D6 /* Modules */ = {
			isa = PBXGroup;
			children = (
				05EB1D7523A29D6200ED15D6 /* Common */,
				05EB1D7723A29D7500ED15D6 /* GameList */,
				05EB1D7623A29D6A00ED15D6 /* Tabbar */,
			);
			path = Modules;
			sourceTree = "<group>";
		};
		05EB1D5C23A29B5000ED15D6 /* Layout */ = {
			isa = PBXGroup;
			children = (
				05EB1D5D23A29B6600ED15D6 /* LayoutingView.swift */,
				05EB1D5F23A29B7700ED15D6 /* LayoutableView.swift */,
			);
			path = Layout;
			sourceTree = "<group>";
		};
		05EB1D6323A29B9400ED15D6 /* Test */ = {
			isa = PBXGroup;
			children = (
				05F1B3D423A25BA900BBD859 /* Array+Ext.swift */,
				05F1B3D723A25BBB00BBD859 /* Optional+Ext.swift */,
			);
			path = Test;
			sourceTree = "<group>";
		};
		05EB1D6423A29B9D00ED15D6 /* Color */ = {
			isa = PBXGroup;
			children = (
				05EB1D6523A29BA600ED15D6 /* Gradient+Ext.swift */,
				05EB1D7A23A29DD800ED15D6 /* Color+Ext.swift */,
			);
			path = Color;
			sourceTree = "<group>";
		};
		05EB1D6723A29BDC00ED15D6 /* UI */ = {
			isa = PBXGroup;
			children = (
				05EB1D6F23A29C4600ED15D6 /* TableViewCell+Ext.swift */,
				05EB1D6823A29BE400ED15D6 /* UIView+Ext.swift */,
				05EB1D6A23A29BF800ED15D6 /* StackView+Ext.swift */,
				05EB1D7223A29C6900ED15D6 /* TableView+Ext.swift */,
				05EB1D8D23A2A4BA00ED15D6 /* ViewController+Ext.swift */,
			);
			path = UI;
			sourceTree = "<group>";
		};
		05EB1D7523A29D6200ED15D6 /* Common */ = {
			isa = PBXGroup;
			children = (
				05EB1D9823A2B76800ED15D6 /* Views */,
				05EB1D9723A2B75D00ED15D6 /* Cells */,
			);
			path = Common;
			sourceTree = "<group>";
		};
		05EB1D7623A29D6A00ED15D6 /* Tabbar */ = {
			isa = PBXGroup;
			children = (
				05EB1D7823A29DAB00ED15D6 /* TabbarController.swift */,
			);
			path = Tabbar;
			sourceTree = "<group>";
		};
		05EB1D7723A29D7500ED15D6 /* GameList */ = {
			isa = PBXGroup;
			children = (
				05EB1D7E23A2A17200ED15D6 /* GameListContracts.swift */,
				05EB1D8023A2A17200ED15D6 /* GameListBuilder.swift */,
				05EB1D8123A2A17200ED15D6 /* GameListView.swift */,
				05EB1D7F23A2A17200ED15D6 /* GameListViewController.swift */,
				05EB1D8223A2A17200ED15D6 /* GameListViewModel.swift */,
			);
			path = GameList;
			sourceTree = "<group>";
		};
		05EB1D9323A2AE2A00ED15D6 /* Typography */ = {
			isa = PBXGroup;
			children = (
				05EB1D9423A2AE3D00ED15D6 /* AttributedStrings.swift */,
			);
			path = Typography;
			sourceTree = "<group>";
		};
		05EB1D9723A2B75D00ED15D6 /* Cells */ = {
			isa = PBXGroup;
			children = (
				05EB1D9023A2A75400ED15D6 /* GameCell.swift */,
			);
			path = Cells;
			sourceTree = "<group>";
		};
		05EB1D9823A2B76800ED15D6 /* Views */ = {
			isa = PBXGroup;
			children = (
				059115AB23A2C21400777EE9 /* EmptyView.swift */,
			);
			path = Views;
			sourceTree = "<group>";
		};
		05F1B3D323A25B8D00BBD859 /* Utils */ = {
			isa = PBXGroup;
			children = (
				05EB1D5C23A29B5000ED15D6 /* Layout */,
				05F1B43823A2807800BBD859 /* Aliases */,
				0518270123A2542D004C70C8 /* Environment */,
				05F1B3D923A25BC600BBD859 /* Extensions */,
			);
			path = Utils;
			sourceTree = "<group>";
		};
		05F1B3D923A25BC600BBD859 /* Extensions */ = {
			isa = PBXGroup;
			children = (
				05EB1D9323A2AE2A00ED15D6 /* Typography */,
				05EB1D6723A29BDC00ED15D6 /* UI */,
				05EB1D6423A29B9D00ED15D6 /* Color */,
				05EB1D6323A29B9400ED15D6 /* Test */,
			);
			path = Extensions;
			sourceTree = "<group>";
		};
		05F1B3EA23A2653E00BBD859 /* GameAPI */ = {
			isa = PBXGroup;
			children = (
				05F1B3EB23A265C800BBD859 /* GameAPI.swift */,
			);
			path = GameAPI;
			sourceTree = "<group>";
		};
		05F1B3EF23A26D6000BBD859 /* Persistance */ = {
			isa = PBXGroup;
			children = (
				05F1B41F23A2747200BBD859 /* Errors */,
				05F1B41E23A2746600BBD859 /* EntityNames */,
				05F1B41D23A2745900BBD859 /* Core Models */,
				05F1B40223A26DC600BBD859 /* PersistanceService.swift */,
			);
			path = Persistance;
			sourceTree = "<group>";
		};
		05F1B41D23A2745900BBD859 /* Core Models */ = {
			isa = PBXGroup;
			children = (
				05F1B44523A284D900BBD859 /* Favourites+CoreDataClass.swift */,
				05F1B44623A284D900BBD859 /* Favourites+CoreDataProperties.swift */,
			);
			path = "Core Models";
			sourceTree = "<group>";
		};
		05F1B41E23A2746600BBD859 /* EntityNames */ = {
			isa = PBXGroup;
			children = (
				05F1B41723A272F400BBD859 /* EntityNames.swift */,
			);
			path = EntityNames;
			sourceTree = "<group>";
		};
		05F1B41F23A2747200BBD859 /* Errors */ = {
			isa = PBXGroup;
			children = (
				05F1B41A23A2744B00BBD859 /* PersistanceError.swift */,
			);
			path = Errors;
			sourceTree = "<group>";
		};
		05F1B43823A2807800BBD859 /* Aliases */ = {
			isa = PBXGroup;
			children = (
				05F1B43923A2808600BBD859 /* TypeAliases.swift */,
			);
			path = Aliases;
			sourceTree = "<group>";
		};
		4C7BFFFAA465BE3E6A95D7BC /* Pods */ = {
			isa = PBXGroup;
			children = (
				A8EA1E0C34988B55D2720B2F /* Pods-GameStudyDev.debug.xcconfig */,
				6A816CA9E47A5ADECC504187 /* Pods-GameStudyDev.release.xcconfig */,
				647988321E698A146E7CA444 /* Pods-GameStudyProd.debug.xcconfig */,
				22C67C37FD45C75560B13B29 /* Pods-GameStudyProd.release.xcconfig */,
			);
			path = Pods;
			sourceTree = "<group>";
		};
		9AD8D537E157D35026AB0B26 /* Frameworks */ = {
			isa = PBXGroup;
			children = (
				E17A60EFBAB1130EA180C3C0 /* Pods_GameStudyDev.framework */,
				084E67CF2C2AD97E54DCE277 /* Pods_GameStudyProd.framework */,
			);
			name = Frameworks;
			sourceTree = "<group>";
		};
/* End PBXGroup section */

/* Begin PBXNativeTarget section */
		051826C823A252C5004C70C8 /* GameStudyProd */ = {
			isa = PBXNativeTarget;
			buildConfigurationList = 051826EB23A252C7004C70C8 /* Build configuration list for PBXNativeTarget "GameStudyProd" */;
			buildPhases = (
				2B68C20E9DF9FC84744A1C91 /* [CP] Check Pods Manifest.lock */,
				051826C523A252C5004C70C8 /* Sources */,
				051826C623A252C5004C70C8 /* Frameworks */,
				051826C723A252C5004C70C8 /* Resources */,
				1E414E37861D96941BDCD9F5 /* [CP] Embed Pods Frameworks */,
			);
			buildRules = (
			);
			dependencies = (
			);
			name = GameStudyProd;
			productName = GameStudy;
			productReference = 051826C923A252C5004C70C8 /* GameStudyProd.app */;
			productType = "com.apple.product-type.application";
		};
		051826E123A252C7004C70C8 /* GameStudyTests */ = {
			isa = PBXNativeTarget;
			buildConfigurationList = 051826EE23A252C7004C70C8 /* Build configuration list for PBXNativeTarget "GameStudyTests" */;
			buildPhases = (
				051826DE23A252C7004C70C8 /* Sources */,
				051826DF23A252C7004C70C8 /* Frameworks */,
				051826E023A252C7004C70C8 /* Resources */,
			);
			buildRules = (
			);
			dependencies = (
				051826E423A252C7004C70C8 /* PBXTargetDependency */,
				05F1B3DC23A25C5900BBD859 /* PBXTargetDependency */,
			);
			name = GameStudyTests;
			productName = GameStudyTests;
			productReference = 051826E223A252C7004C70C8 /* GameStudyTests.xctest */;
			productType = "com.apple.product-type.bundle.unit-test";
		};
		051826F123A2533D004C70C8 /* GameStudyDev */ = {
			isa = PBXNativeTarget;
			buildConfigurationList = 051826FC23A2533D004C70C8 /* Build configuration list for PBXNativeTarget "GameStudyDev" */;
			buildPhases = (
				8723168425B60645A6B72724 /* [CP] Check Pods Manifest.lock */,
				051826F223A2533D004C70C8 /* Sources */,
				051826F723A2533D004C70C8 /* Frameworks */,
				051826F823A2533D004C70C8 /* Resources */,
				3438C9A0FD1AE2D96D75C1B6 /* [CP] Embed Pods Frameworks */,
			);
			buildRules = (
			);
			dependencies = (
			);
			name = GameStudyDev;
			productName = GameStudy;
			productReference = 051826FF23A2533D004C70C8 /* GameStudyDev.app */;
			productType = "com.apple.product-type.application";
		};
/* End PBXNativeTarget section */

/* Begin PBXProject section */
		051826C123A252C5004C70C8 /* Project object */ = {
			isa = PBXProject;
			attributes = {
				LastSwiftUpdateCheck = 1120;
				LastUpgradeCheck = 1120;
				ORGANIZATIONNAME = "Eyup Kazım Göymen";
				TargetAttributes = {
					051826C823A252C5004C70C8 = {
						CreatedOnToolsVersion = 11.2.1;
					};
					051826E123A252C7004C70C8 = {
						CreatedOnToolsVersion = 11.2.1;
						TestTargetID = 051826F123A2533D004C70C8;
					};
				};
			};
			buildConfigurationList = 051826C423A252C5004C70C8 /* Build configuration list for PBXProject "GameStudy" */;
			compatibilityVersion = "Xcode 9.3";
			developmentRegion = en;
			hasScannedForEncodings = 0;
			knownRegions = (
				en,
				Base,
			);
			mainGroup = 051826C023A252C5004C70C8;
			productRefGroup = 051826CA23A252C5004C70C8 /* Products */;
			projectDirPath = "";
			projectRoot = "";
			targets = (
				051826C823A252C5004C70C8 /* GameStudyProd */,
				051826E123A252C7004C70C8 /* GameStudyTests */,
				051826F123A2533D004C70C8 /* GameStudyDev */,
			);
		};
/* End PBXProject section */

/* Begin PBXResourcesBuildPhase section */
		051826C723A252C5004C70C8 /* Resources */ = {
			isa = PBXResourcesBuildPhase;
			buildActionMask = 2147483647;
			files = (
				051826DC23A252C7004C70C8 /* LaunchScreen.storyboard in Resources */,
				051826D923A252C7004C70C8 /* Assets.xcassets in Resources */,
			);
			runOnlyForDeploymentPostprocessing = 0;
		};
		051826E023A252C7004C70C8 /* Resources */ = {
			isa = PBXResourcesBuildPhase;
			buildActionMask = 2147483647;
			files = (
				05F1B3E723A2624300BBD859 /* GameDetail.json in Resources */,
				05F1B3DD23A25C9100BBD859 /* Games.json in Resources */,
			);
			runOnlyForDeploymentPostprocessing = 0;
		};
		051826F823A2533D004C70C8 /* Resources */ = {
			isa = PBXResourcesBuildPhase;
			buildActionMask = 2147483647;
			files = (
				051826F923A2533D004C70C8 /* LaunchScreen.storyboard in Resources */,
				051826FA23A2533D004C70C8 /* Assets.xcassets in Resources */,
			);
			runOnlyForDeploymentPostprocessing = 0;
		};
/* End PBXResourcesBuildPhase section */

/* Begin PBXShellScriptBuildPhase section */
		1E414E37861D96941BDCD9F5 /* [CP] Embed Pods Frameworks */ = {
			isa = PBXShellScriptBuildPhase;
			buildActionMask = 2147483647;
			files = (
			);
			inputFileListPaths = (
				"${PODS_ROOT}/Target Support Files/Pods-GameStudyProd/Pods-GameStudyProd-frameworks-${CONFIGURATION}-input-files.xcfilelist",
			);
			name = "[CP] Embed Pods Frameworks";
			outputFileListPaths = (
				"${PODS_ROOT}/Target Support Files/Pods-GameStudyProd/Pods-GameStudyProd-frameworks-${CONFIGURATION}-output-files.xcfilelist",
			);
			runOnlyForDeploymentPostprocessing = 0;
			shellPath = /bin/sh;
			shellScript = "\"${PODS_ROOT}/Target Support Files/Pods-GameStudyProd/Pods-GameStudyProd-frameworks.sh\"\n";
			showEnvVarsInLog = 0;
		};
		2B68C20E9DF9FC84744A1C91 /* [CP] Check Pods Manifest.lock */ = {
			isa = PBXShellScriptBuildPhase;
			buildActionMask = 2147483647;
			files = (
			);
			inputFileListPaths = (
			);
			inputPaths = (
				"${PODS_PODFILE_DIR_PATH}/Podfile.lock",
				"${PODS_ROOT}/Manifest.lock",
			);
			name = "[CP] Check Pods Manifest.lock";
			outputFileListPaths = (
			);
			outputPaths = (
				"$(DERIVED_FILE_DIR)/Pods-GameStudyProd-checkManifestLockResult.txt",
			);
			runOnlyForDeploymentPostprocessing = 0;
			shellPath = /bin/sh;
			shellScript = "diff \"${PODS_PODFILE_DIR_PATH}/Podfile.lock\" \"${PODS_ROOT}/Manifest.lock\" > /dev/null\nif [ $? != 0 ] ; then\n    # print error to STDERR\n    echo \"error: The sandbox is not in sync with the Podfile.lock. Run 'pod install' or update your CocoaPods installation.\" >&2\n    exit 1\nfi\n# This output is used by Xcode 'outputs' to avoid re-running this script phase.\necho \"SUCCESS\" > \"${SCRIPT_OUTPUT_FILE_0}\"\n";
			showEnvVarsInLog = 0;
		};
		3438C9A0FD1AE2D96D75C1B6 /* [CP] Embed Pods Frameworks */ = {
			isa = PBXShellScriptBuildPhase;
			buildActionMask = 2147483647;
			files = (
			);
			inputFileListPaths = (
				"${PODS_ROOT}/Target Support Files/Pods-GameStudyDev/Pods-GameStudyDev-frameworks-${CONFIGURATION}-input-files.xcfilelist",
			);
			name = "[CP] Embed Pods Frameworks";
			outputFileListPaths = (
				"${PODS_ROOT}/Target Support Files/Pods-GameStudyDev/Pods-GameStudyDev-frameworks-${CONFIGURATION}-output-files.xcfilelist",
			);
			runOnlyForDeploymentPostprocessing = 0;
			shellPath = /bin/sh;
			shellScript = "\"${PODS_ROOT}/Target Support Files/Pods-GameStudyDev/Pods-GameStudyDev-frameworks.sh\"\n";
			showEnvVarsInLog = 0;
		};
		8723168425B60645A6B72724 /* [CP] Check Pods Manifest.lock */ = {
			isa = PBXShellScriptBuildPhase;
			buildActionMask = 2147483647;
			files = (
			);
			inputFileListPaths = (
			);
			inputPaths = (
				"${PODS_PODFILE_DIR_PATH}/Podfile.lock",
				"${PODS_ROOT}/Manifest.lock",
			);
			name = "[CP] Check Pods Manifest.lock";
			outputFileListPaths = (
			);
			outputPaths = (
				"$(DERIVED_FILE_DIR)/Pods-GameStudyDev-checkManifestLockResult.txt",
			);
			runOnlyForDeploymentPostprocessing = 0;
			shellPath = /bin/sh;
			shellScript = "diff \"${PODS_PODFILE_DIR_PATH}/Podfile.lock\" \"${PODS_ROOT}/Manifest.lock\" > /dev/null\nif [ $? != 0 ] ; then\n    # print error to STDERR\n    echo \"error: The sandbox is not in sync with the Podfile.lock. Run 'pod install' or update your CocoaPods installation.\" >&2\n    exit 1\nfi\n# This output is used by Xcode 'outputs' to avoid re-running this script phase.\necho \"SUCCESS\" > \"${SCRIPT_OUTPUT_FILE_0}\"\n";
			showEnvVarsInLog = 0;
		};
/* End PBXShellScriptBuildPhase section */

/* Begin PBXSourcesBuildPhase section */
		051826C523A252C5004C70C8 /* Sources */ = {
			isa = PBXSourcesBuildPhase;
			buildActionMask = 2147483647;
			files = (
				05F1B40323A26DC600BBD859 /* PersistanceService.swift in Sources */,
				05EB1D8323A2A17200ED15D6 /* GameListContracts.swift in Sources */,
				05F1B44923A284D900BBD859 /* Favourites+CoreDataProperties.swift in Sources */,
				0518270D23A2577B004C70C8 /* NetworkError.swift in Sources */,
				05EB1D7923A29DAB00ED15D6 /* TabbarController.swift in Sources */,
				05EB1D6623A29BA600ED15D6 /* Gradient+Ext.swift in Sources */,
				05EB1D5E23A29B6600ED15D6 /* LayoutingView.swift in Sources */,
				05F1B44723A284D900BBD859 /* Favourites+CoreDataClass.swift in Sources */,
				051826D723A252C5004C70C8 /* GameStudy.xcdatamodeld in Sources */,
				0518270A23A2565F004C70C8 /* GameResponse.swift in Sources */,
				05F1B3EC23A265C800BBD859 /* GameAPI.swift in Sources */,
				051826CD23A252C5004C70C8 /* AppDelegate.swift in Sources */,
				05EB1D8723A2A17200ED15D6 /* GameListBuilder.swift in Sources */,
				05EB1D8523A2A17200ED15D6 /* GameListViewController.swift in Sources */,
				05EB1D9123A2A75400ED15D6 /* GameCell.swift in Sources */,
				05EB1D8E23A2A4BA00ED15D6 /* ViewController+Ext.swift in Sources */,
				05F1B3D823A25BBB00BBD859 /* Optional+Ext.swift in Sources */,
				05EB1D6923A29BE400ED15D6 /* UIView+Ext.swift in Sources */,
				05EB1D9523A2AE3D00ED15D6 /* AttributedStrings.swift in Sources */,
				05F1B3E923A2653700BBD859 /* GameAPIService.swift in Sources */,
				059115A923A2BA3E00777EE9 /* ErrorResponse.swift in Sources */,
				05EB1D7323A29C6900ED15D6 /* TableView+Ext.swift in Sources */,
				05F1B3D523A25BA900BBD859 /* Array+Ext.swift in Sources */,
				05F1B3E223A25E9D00BBD859 /* GameDetailResponse.swift in Sources */,
				05EB1D8923A2A17200ED15D6 /* GameListView.swift in Sources */,
				05EB1D7B23A29DD800ED15D6 /* Color+Ext.swift in Sources */,
				05F1B43A23A2808600BBD859 /* TypeAliases.swift in Sources */,
				05F1B41B23A2744B00BBD859 /* PersistanceError.swift in Sources */,
				059115AC23A2C21400777EE9 /* EmptyView.swift in Sources */,
				05EB1D6B23A29BF800ED15D6 /* StackView+Ext.swift in Sources */,
				05F1B41823A272F400BBD859 /* EntityNames.swift in Sources */,
				05EB1D6023A29B7700ED15D6 /* LayoutableView.swift in Sources */,
				051826CF23A252C5004C70C8 /* SceneDelegate.swift in Sources */,
				0518270323A2544B004C70C8 /* EnvironmentManager.swift in Sources */,
				05EB1D7023A29C4600ED15D6 /* TableViewCell+Ext.swift in Sources */,
				05EB1D8B23A2A17200ED15D6 /* GameListViewModel.swift in Sources */,
			);
			runOnlyForDeploymentPostprocessing = 0;
		};
		051826DE23A252C7004C70C8 /* Sources */ = {
			isa = PBXSourcesBuildPhase;
			buildActionMask = 2147483647;
			files = (
				059115B123A2D09200777EE9 /* DummyGame.swift in Sources */,
				05F1B3DE23A25CFF00BBD859 /* Array+Ext.swift in Sources */,
				05F1B44023A283EC00BBD859 /* NetworkTests.swift in Sources */,
				05F1B3DF23A25CFF00BBD859 /* Optional+Ext.swift in Sources */,
				059115BF23A2D3BD00777EE9 /* GameListModuleTest.swift in Sources */,
			);
			runOnlyForDeploymentPostprocessing = 0;
		};
		051826F223A2533D004C70C8 /* Sources */ = {
			isa = PBXSourcesBuildPhase;
			buildActionMask = 2147483647;
			files = (
				05F1B40423A26DC600BBD859 /* PersistanceService.swift in Sources */,
				05EB1D8423A2A17200ED15D6 /* GameListContracts.swift in Sources */,
				05EB1D6D23A29BFE00ED15D6 /* Gradient+Ext.swift in Sources */,
				05F1B44A23A284D900BBD859 /* Favourites+CoreDataProperties.swift in Sources */,
				05EB1D7D23A29DDD00ED15D6 /* TabbarController.swift in Sources */,
				0518270E23A2577B004C70C8 /* NetworkError.swift in Sources */,
				05EB1D6123A29B8100ED15D6 /* LayoutingView.swift in Sources */,
				05F1B44823A284D900BBD859 /* Favourites+CoreDataClass.swift in Sources */,
				051826F423A2533D004C70C8 /* GameStudy.xcdatamodeld in Sources */,
				0518270B23A2565F004C70C8 /* GameResponse.swift in Sources */,
				05F1B3ED23A265D400BBD859 /* GameAPI.swift in Sources */,
				0518270423A25521004C70C8 /* EnvironmentManager.swift in Sources */,
				05EB1D8823A2A17200ED15D6 /* GameListBuilder.swift in Sources */,
				05EB1D8623A2A17200ED15D6 /* GameListViewController.swift in Sources */,
				05EB1D9223A2A75400ED15D6 /* GameCell.swift in Sources */,
				05EB1D8F23A2A4BA00ED15D6 /* ViewController+Ext.swift in Sources */,
				05F1B3DA23A25BD400BBD859 /* Optional+Ext.swift in Sources */,
				05F1B3D623A25BB200BBD859 /* Array+Ext.swift in Sources */,
				05EB1D9623A2AE3D00ED15D6 /* AttributedStrings.swift in Sources */,
				05F1B3EE23A2685100BBD859 /* GameAPIService.swift in Sources */,
				059115AA23A2BD5600777EE9 /* ErrorResponse.swift in Sources */,
				05EB1D7423A29C7300ED15D6 /* TableView+Ext.swift in Sources */,
				05EB1D7C23A29DDA00ED15D6 /* Color+Ext.swift in Sources */,
				05EB1D6C23A29BFB00ED15D6 /* UIView+Ext.swift in Sources */,
				05EB1D8A23A2A17200ED15D6 /* GameListView.swift in Sources */,
				05F1B3E623A2612800BBD859 /* GameDetailResponse.swift in Sources */,
				05F1B43B23A2808600BBD859 /* TypeAliases.swift in Sources */,
				05F1B41C23A2744B00BBD859 /* PersistanceError.swift in Sources */,
				059115AD23A2C21400777EE9 /* EmptyView.swift in Sources */,
				05EB1D6E23A29C0100ED15D6 /* StackView+Ext.swift in Sources */,
				05F1B41923A272F400BBD859 /* EntityNames.swift in Sources */,
				05EB1D6223A29B8500ED15D6 /* LayoutableView.swift in Sources */,
				051826F523A2533D004C70C8 /* AppDelegate.swift in Sources */,
				051826F623A2533D004C70C8 /* SceneDelegate.swift in Sources */,
				05EB1D7123A29C5000ED15D6 /* TableViewCell+Ext.swift in Sources */,
				05EB1D8C23A2A17200ED15D6 /* GameListViewModel.swift in Sources */,
			);
			runOnlyForDeploymentPostprocessing = 0;
		};
/* End PBXSourcesBuildPhase section */

/* Begin PBXTargetDependency section */
		051826E423A252C7004C70C8 /* PBXTargetDependency */ = {
			isa = PBXTargetDependency;
			target = 051826C823A252C5004C70C8 /* GameStudyProd */;
			targetProxy = 051826E323A252C7004C70C8 /* PBXContainerItemProxy */;
		};
		05F1B3DC23A25C5900BBD859 /* PBXTargetDependency */ = {
			isa = PBXTargetDependency;
			target = 051826F123A2533D004C70C8 /* GameStudyDev */;
			targetProxy = 05F1B3DB23A25C5900BBD859 /* PBXContainerItemProxy */;
		};
/* End PBXTargetDependency section */

/* Begin PBXVariantGroup section */
		051826DA23A252C7004C70C8 /* LaunchScreen.storyboard */ = {
			isa = PBXVariantGroup;
			children = (
				051826DB23A252C7004C70C8 /* Base */,
			);
			name = LaunchScreen.storyboard;
			sourceTree = "<group>";
		};
/* End PBXVariantGroup section */

/* Begin XCBuildConfiguration section */
		051826E923A252C7004C70C8 /* Debug */ = {
			isa = XCBuildConfiguration;
			buildSettings = {
				ALWAYS_SEARCH_USER_PATHS = NO;
				CLANG_ANALYZER_NONNULL = YES;
				CLANG_ANALYZER_NUMBER_OBJECT_CONVERSION = YES_AGGRESSIVE;
				CLANG_CXX_LANGUAGE_STANDARD = "gnu++14";
				CLANG_CXX_LIBRARY = "libc++";
				CLANG_ENABLE_MODULES = YES;
				CLANG_ENABLE_OBJC_ARC = YES;
				CLANG_ENABLE_OBJC_WEAK = YES;
				CLANG_WARN_BLOCK_CAPTURE_AUTORELEASING = YES;
				CLANG_WARN_BOOL_CONVERSION = YES;
				CLANG_WARN_COMMA = YES;
				CLANG_WARN_CONSTANT_CONVERSION = YES;
				CLANG_WARN_DEPRECATED_OBJC_IMPLEMENTATIONS = YES;
				CLANG_WARN_DIRECT_OBJC_ISA_USAGE = YES_ERROR;
				CLANG_WARN_DOCUMENTATION_COMMENTS = YES;
				CLANG_WARN_EMPTY_BODY = YES;
				CLANG_WARN_ENUM_CONVERSION = YES;
				CLANG_WARN_INFINITE_RECURSION = YES;
				CLANG_WARN_INT_CONVERSION = YES;
				CLANG_WARN_NON_LITERAL_NULL_CONVERSION = YES;
				CLANG_WARN_OBJC_IMPLICIT_RETAIN_SELF = YES;
				CLANG_WARN_OBJC_LITERAL_CONVERSION = YES;
				CLANG_WARN_OBJC_ROOT_CLASS = YES_ERROR;
				CLANG_WARN_RANGE_LOOP_ANALYSIS = YES;
				CLANG_WARN_STRICT_PROTOTYPES = YES;
				CLANG_WARN_SUSPICIOUS_MOVE = YES;
				CLANG_WARN_UNGUARDED_AVAILABILITY = YES_AGGRESSIVE;
				CLANG_WARN_UNREACHABLE_CODE = YES;
				CLANG_WARN__DUPLICATE_METHOD_MATCH = YES;
				COPY_PHASE_STRIP = NO;
				DEBUG_INFORMATION_FORMAT = dwarf;
				ENABLE_STRICT_OBJC_MSGSEND = YES;
				ENABLE_TESTABILITY = YES;
				GCC_C_LANGUAGE_STANDARD = gnu11;
				GCC_DYNAMIC_NO_PIC = NO;
				GCC_NO_COMMON_BLOCKS = YES;
				GCC_OPTIMIZATION_LEVEL = 0;
				GCC_PREPROCESSOR_DEFINITIONS = (
					"DEBUG=1",
					"$(inherited)",
				);
				GCC_WARN_64_TO_32_BIT_CONVERSION = YES;
				GCC_WARN_ABOUT_RETURN_TYPE = YES_ERROR;
				GCC_WARN_UNDECLARED_SELECTOR = YES;
				GCC_WARN_UNINITIALIZED_AUTOS = YES_AGGRESSIVE;
				GCC_WARN_UNUSED_FUNCTION = YES;
				GCC_WARN_UNUSED_VARIABLE = YES;
				IPHONEOS_DEPLOYMENT_TARGET = 13.2;
				MTL_ENABLE_DEBUG_INFO = INCLUDE_SOURCE;
				MTL_FAST_MATH = YES;
				ONLY_ACTIVE_ARCH = YES;
				SDKROOT = iphoneos;
				SWIFT_ACTIVE_COMPILATION_CONDITIONS = DEBUG;
				SWIFT_OPTIMIZATION_LEVEL = "-Onone";
			};
			name = Debug;
		};
		051826EA23A252C7004C70C8 /* Release */ = {
			isa = XCBuildConfiguration;
			buildSettings = {
				ALWAYS_SEARCH_USER_PATHS = NO;
				CLANG_ANALYZER_NONNULL = YES;
				CLANG_ANALYZER_NUMBER_OBJECT_CONVERSION = YES_AGGRESSIVE;
				CLANG_CXX_LANGUAGE_STANDARD = "gnu++14";
				CLANG_CXX_LIBRARY = "libc++";
				CLANG_ENABLE_MODULES = YES;
				CLANG_ENABLE_OBJC_ARC = YES;
				CLANG_ENABLE_OBJC_WEAK = YES;
				CLANG_WARN_BLOCK_CAPTURE_AUTORELEASING = YES;
				CLANG_WARN_BOOL_CONVERSION = YES;
				CLANG_WARN_COMMA = YES;
				CLANG_WARN_CONSTANT_CONVERSION = YES;
				CLANG_WARN_DEPRECATED_OBJC_IMPLEMENTATIONS = YES;
				CLANG_WARN_DIRECT_OBJC_ISA_USAGE = YES_ERROR;
				CLANG_WARN_DOCUMENTATION_COMMENTS = YES;
				CLANG_WARN_EMPTY_BODY = YES;
				CLANG_WARN_ENUM_CONVERSION = YES;
				CLANG_WARN_INFINITE_RECURSION = YES;
				CLANG_WARN_INT_CONVERSION = YES;
				CLANG_WARN_NON_LITERAL_NULL_CONVERSION = YES;
				CLANG_WARN_OBJC_IMPLICIT_RETAIN_SELF = YES;
				CLANG_WARN_OBJC_LITERAL_CONVERSION = YES;
				CLANG_WARN_OBJC_ROOT_CLASS = YES_ERROR;
				CLANG_WARN_RANGE_LOOP_ANALYSIS = YES;
				CLANG_WARN_STRICT_PROTOTYPES = YES;
				CLANG_WARN_SUSPICIOUS_MOVE = YES;
				CLANG_WARN_UNGUARDED_AVAILABILITY = YES_AGGRESSIVE;
				CLANG_WARN_UNREACHABLE_CODE = YES;
				CLANG_WARN__DUPLICATE_METHOD_MATCH = YES;
				COPY_PHASE_STRIP = NO;
				DEBUG_INFORMATION_FORMAT = "dwarf-with-dsym";
				ENABLE_NS_ASSERTIONS = NO;
				ENABLE_STRICT_OBJC_MSGSEND = YES;
				GCC_C_LANGUAGE_STANDARD = gnu11;
				GCC_NO_COMMON_BLOCKS = YES;
				GCC_WARN_64_TO_32_BIT_CONVERSION = YES;
				GCC_WARN_ABOUT_RETURN_TYPE = YES_ERROR;
				GCC_WARN_UNDECLARED_SELECTOR = YES;
				GCC_WARN_UNINITIALIZED_AUTOS = YES_AGGRESSIVE;
				GCC_WARN_UNUSED_FUNCTION = YES;
				GCC_WARN_UNUSED_VARIABLE = YES;
				IPHONEOS_DEPLOYMENT_TARGET = 13.2;
				MTL_ENABLE_DEBUG_INFO = NO;
				MTL_FAST_MATH = YES;
				SDKROOT = iphoneos;
				SWIFT_COMPILATION_MODE = wholemodule;
				SWIFT_OPTIMIZATION_LEVEL = "-O";
				VALIDATE_PRODUCT = YES;
			};
			name = Release;
		};
		051826EC23A252C7004C70C8 /* Debug */ = {
			isa = XCBuildConfiguration;
			baseConfigurationReference = 647988321E698A146E7CA444 /* Pods-GameStudyProd.debug.xcconfig */;
			buildSettings = {
				ASSETCATALOG_COMPILER_APPICON_NAME = AppIcon;
				CODE_SIGN_STYLE = Automatic;
				DEVELOPMENT_TEAM = 73QG27J5C4;
				INFOPLIST_FILE = GameStudy/Info.plist;
				IPHONEOS_DEPLOYMENT_TARGET = 11.0;
				LD_RUNPATH_SEARCH_PATHS = (
					"$(inherited)",
					"@executable_path/Frameworks",
				);
				OTHER_SWIFT_FLAGS = "-D Prod";
				PRODUCT_BUNDLE_IDENTIFIER = com.eyupgoymen.GameStudy;
				PRODUCT_NAME = "$(TARGET_NAME)";
				SWIFT_VERSION = 5.0;
				TARGETED_DEVICE_FAMILY = "1,2";
			};
			name = Debug;
		};
		051826ED23A252C7004C70C8 /* Release */ = {
			isa = XCBuildConfiguration;
			baseConfigurationReference = 22C67C37FD45C75560B13B29 /* Pods-GameStudyProd.release.xcconfig */;
			buildSettings = {
				ASSETCATALOG_COMPILER_APPICON_NAME = AppIcon;
				CODE_SIGN_STYLE = Automatic;
				DEVELOPMENT_TEAM = 73QG27J5C4;
				INFOPLIST_FILE = GameStudy/Info.plist;
				IPHONEOS_DEPLOYMENT_TARGET = 11.0;
				LD_RUNPATH_SEARCH_PATHS = (
					"$(inherited)",
					"@executable_path/Frameworks",
				);
				OTHER_SWIFT_FLAGS = "-D Prod";
				PRODUCT_BUNDLE_IDENTIFIER = com.eyupgoymen.GameStudy;
				PRODUCT_NAME = "$(TARGET_NAME)";
				SWIFT_VERSION = 5.0;
				TARGETED_DEVICE_FAMILY = "1,2";
			};
			name = Release;
		};
		051826EF23A252C7004C70C8 /* Debug */ = {
			isa = XCBuildConfiguration;
			buildSettings = {
				ALWAYS_EMBED_SWIFT_STANDARD_LIBRARIES = YES;
				BUNDLE_LOADER = "$(TEST_HOST)";
				CODE_SIGN_STYLE = Automatic;
				DEVELOPMENT_TEAM = 73QG27J5C4;
				INFOPLIST_FILE = GameStudyTests/Info.plist;
				IPHONEOS_DEPLOYMENT_TARGET = 13.2;
				LD_RUNPATH_SEARCH_PATHS = (
					"$(inherited)",
					"@executable_path/Frameworks",
					"@loader_path/Frameworks",
				);
				PRODUCT_BUNDLE_IDENTIFIER = com.eyupgoymen.GameStudyTests;
				PRODUCT_NAME = "$(TARGET_NAME)";
				SWIFT_VERSION = 5.0;
				TARGETED_DEVICE_FAMILY = "1,2";
				TEST_HOST = "$(BUILT_PRODUCTS_DIR)/GameStudyDev.app/GameStudyDev";
			};
			name = Debug;
		};
		051826F023A252C7004C70C8 /* Release */ = {
			isa = XCBuildConfiguration;
			buildSettings = {
				ALWAYS_EMBED_SWIFT_STANDARD_LIBRARIES = YES;
				BUNDLE_LOADER = "$(TEST_HOST)";
				CODE_SIGN_STYLE = Automatic;
				DEVELOPMENT_TEAM = 73QG27J5C4;
				INFOPLIST_FILE = GameStudyTests/Info.plist;
				IPHONEOS_DEPLOYMENT_TARGET = 13.2;
				LD_RUNPATH_SEARCH_PATHS = (
					"$(inherited)",
					"@executable_path/Frameworks",
					"@loader_path/Frameworks",
				);
				PRODUCT_BUNDLE_IDENTIFIER = com.eyupgoymen.GameStudyTests;
				PRODUCT_NAME = "$(TARGET_NAME)";
				SWIFT_VERSION = 5.0;
				TARGETED_DEVICE_FAMILY = "1,2";
				TEST_HOST = "$(BUILT_PRODUCTS_DIR)/GameStudyDev.app/GameStudyDev";
			};
			name = Release;
		};
		051826FD23A2533D004C70C8 /* Debug */ = {
			isa = XCBuildConfiguration;
			baseConfigurationReference = A8EA1E0C34988B55D2720B2F /* Pods-GameStudyDev.debug.xcconfig */;
			buildSettings = {
				ASSETCATALOG_COMPILER_APPICON_NAME = AppIcon;
				CODE_SIGN_STYLE = Automatic;
				DEVELOPMENT_TEAM = 73QG27J5C4;
				INFOPLIST_FILE = "GameStudyDev-Info.plist";
				IPHONEOS_DEPLOYMENT_TARGET = 11.0;
				LD_RUNPATH_SEARCH_PATHS = (
					"$(inherited)",
					"@executable_path/Frameworks",
				);
				OTHER_SWIFT_FLAGS = "-D Dev";
				PRODUCT_BUNDLE_IDENTIFIER = com.eyupgoymen.GameStudy;
				PRODUCT_NAME = "$(TARGET_NAME)";
				SWIFT_VERSION = 5.0;
				TARGETED_DEVICE_FAMILY = "1,2";
			};
			name = Debug;
		};
		051826FE23A2533D004C70C8 /* Release */ = {
			isa = XCBuildConfiguration;
			baseConfigurationReference = 6A816CA9E47A5ADECC504187 /* Pods-GameStudyDev.release.xcconfig */;
			buildSettings = {
				ASSETCATALOG_COMPILER_APPICON_NAME = AppIcon;
				CODE_SIGN_STYLE = Automatic;
				DEVELOPMENT_TEAM = 73QG27J5C4;
				INFOPLIST_FILE = "GameStudyDev-Info.plist";
				IPHONEOS_DEPLOYMENT_TARGET = 11.0;
				LD_RUNPATH_SEARCH_PATHS = (
					"$(inherited)",
					"@executable_path/Frameworks",
				);
				OTHER_SWIFT_FLAGS = "-D Dev";
				PRODUCT_BUNDLE_IDENTIFIER = com.eyupgoymen.GameStudy;
				PRODUCT_NAME = "$(TARGET_NAME)";
				SWIFT_VERSION = 5.0;
				TARGETED_DEVICE_FAMILY = "1,2";
			};
			name = Release;
		};
/* End XCBuildConfiguration section */

/* Begin XCConfigurationList section */
		051826C423A252C5004C70C8 /* Build configuration list for PBXProject "GameStudy" */ = {
			isa = XCConfigurationList;
			buildConfigurations = (
				051826E923A252C7004C70C8 /* Debug */,
				051826EA23A252C7004C70C8 /* Release */,
			);
			defaultConfigurationIsVisible = 0;
			defaultConfigurationName = Release;
		};
		051826EB23A252C7004C70C8 /* Build configuration list for PBXNativeTarget "GameStudyProd" */ = {
			isa = XCConfigurationList;
			buildConfigurations = (
				051826EC23A252C7004C70C8 /* Debug */,
				051826ED23A252C7004C70C8 /* Release */,
			);
			defaultConfigurationIsVisible = 0;
			defaultConfigurationName = Release;
		};
		051826EE23A252C7004C70C8 /* Build configuration list for PBXNativeTarget "GameStudyTests" */ = {
			isa = XCConfigurationList;
			buildConfigurations = (
				051826EF23A252C7004C70C8 /* Debug */,
				051826F023A252C7004C70C8 /* Release */,
			);
			defaultConfigurationIsVisible = 0;
			defaultConfigurationName = Release;
		};
		051826FC23A2533D004C70C8 /* Build configuration list for PBXNativeTarget "GameStudyDev" */ = {
			isa = XCConfigurationList;
			buildConfigurations = (
				051826FD23A2533D004C70C8 /* Debug */,
				051826FE23A2533D004C70C8 /* Release */,
			);
			defaultConfigurationIsVisible = 0;
			defaultConfigurationName = Release;
		};
/* End XCConfigurationList section */

/* Begin XCVersionGroup section */
		051826D523A252C5004C70C8 /* GameStudy.xcdatamodeld */ = {
			isa = XCVersionGroup;
			children = (
				051826D623A252C5004C70C8 /* GameStudy.xcdatamodel */,
			);
			currentVersion = 051826D623A252C5004C70C8 /* GameStudy.xcdatamodel */;
			path = GameStudy.xcdatamodeld;
			sourceTree = "<group>";
			versionGroupType = wrapper.xcdatamodel;
		};
/* End XCVersionGroup section */
	};
	rootObject = 051826C123A252C5004C70C8 /* Project object */;
}
